// !$*UTF8*$!
{
	archiveVersion = 1;
	classes = {
	};
	objectVersion = 51;
	objects = {

/* Begin PBXBuildFile section */
		4ED3396F82E2C6D2FA33604E /* Pods_mapXuyap.framework in Frameworks */ = {isa = PBXBuildFile; fileRef = B6F22D6FC314D77A4F134CDB /* Pods_mapXuyap.framework */; };
		C5327ED82352253300892A6B /* AppDelegate.swift in Sources */ = {isa = PBXBuildFile; fileRef = C5327ED72352253300892A6B /* AppDelegate.swift */; };
		C5327EDA2352253300892A6B /* ViewController.swift in Sources */ = {isa = PBXBuildFile; fileRef = C5327ED92352253300892A6B /* ViewController.swift */; };
		C5327EDD2352253300892A6B /* Main.storyboard in Resources */ = {isa = PBXBuildFile; fileRef = C5327EDB2352253300892A6B /* Main.storyboard */; };
		C5327EDF2352253400892A6B /* Assets.xcassets in Resources */ = {isa = PBXBuildFile; fileRef = C5327EDE2352253400892A6B /* Assets.xcassets */; };
		C5327EE22352253400892A6B /* LaunchScreen.storyboard in Resources */ = {isa = PBXBuildFile; fileRef = C5327EE02352253400892A6B /* LaunchScreen.storyboard */; };
		C5528B1A2352BD6C00F88DE4 /* Model.swift in Sources */ = {isa = PBXBuildFile; fileRef = C5528B192352BD6C00F88DE4 /* Model.swift */; };
/* End PBXBuildFile section */

/* Begin PBXFileReference section */
		B6F22D6FC314D77A4F134CDB /* Pods_mapXuyap.framework */ = {isa = PBXFileReference; explicitFileType = wrapper.framework; includeInIndex = 0; path = Pods_mapXuyap.framework; sourceTree = BUILT_PRODUCTS_DIR; };
		B7CB0DBA62645AB641F94506 /* Pods-mapXuyap.debug.xcconfig */ = {isa = PBXFileReference; includeInIndex = 1; lastKnownFileType = text.xcconfig; name = "Pods-mapXuyap.debug.xcconfig"; path = "Target Support Files/Pods-mapXuyap/Pods-mapXuyap.debug.xcconfig"; sourceTree = "<group>"; };
		C5327ED42352253300892A6B /* mapXuyap.app */ = {isa = PBXFileReference; explicitFileType = wrapper.application; includeInIndex = 0; path = mapXuyap.app; sourceTree = BUILT_PRODUCTS_DIR; };
		C5327ED72352253300892A6B /* AppDelegate.swift */ = {isa = PBXFileReference; lastKnownFileType = sourcecode.swift; path = AppDelegate.swift; sourceTree = "<group>"; };
		C5327ED92352253300892A6B /* ViewController.swift */ = {isa = PBXFileReference; lastKnownFileType = sourcecode.swift; path = ViewController.swift; sourceTree = "<group>"; };
		C5327EDC2352253300892A6B /* Base */ = {isa = PBXFileReference; lastKnownFileType = file.storyboard; name = Base; path = Base.lproj/Main.storyboard; sourceTree = "<group>"; };
		C5327EDE2352253400892A6B /* Assets.xcassets */ = {isa = PBXFileReference; lastKnownFileType = folder.assetcatalog; path = Assets.xcassets; sourceTree = "<group>"; };
		C5327EE12352253400892A6B /* Base */ = {isa = PBXFileReference; lastKnownFileType = file.storyboard; name = Base; path = Base.lproj/LaunchScreen.storyboard; sourceTree = "<group>"; };
		C5327EE32352253400892A6B /* Info.plist */ = {isa = PBXFileReference; lastKnownFileType = text.plist.xml; path = Info.plist; sourceTree = "<group>"; };
		C5528B192352BD6C00F88DE4 /* Model.swift */ = {isa = PBXFileReference; lastKnownFileType = sourcecode.swift; path = Model.swift; sourceTree = "<group>"; };
		F89069D1F522F251598EC852 /* Pods-mapXuyap.release.xcconfig */ = {isa = PBXFileReference; includeInIndex = 1; lastKnownFileType = text.xcconfig; name = "Pods-mapXuyap.release.xcconfig"; path = "Target Support Files/Pods-mapXuyap/Pods-mapXuyap.release.xcconfig"; sourceTree = "<group>"; };
/* End PBXFileReference section */

/* Begin PBXFrameworksBuildPhase section */
		C5327ED12352253200892A6B /* Frameworks */ = {
			isa = PBXFrameworksBuildPhase;
			buildActionMask = 2147483647;
			files = (
				4ED3396F82E2C6D2FA33604E /* Pods_mapXuyap.framework in Frameworks */,
			);
			runOnlyForDeploymentPostprocessing = 0;
		};
/* End PBXFrameworksBuildPhase section */

/* Begin PBXGroup section */
		2E09E6A876F29168163837F8 /* Frameworks */ = {
			isa = PBXGroup;
			children = (
				B6F22D6FC314D77A4F134CDB /* Pods_mapXuyap.framework */,
			);
			name = Frameworks;
			sourceTree = "<group>";
		};
		BB48575619A888AF5AC105F0 /* Pods */ = {
			isa = PBXGroup;
			children = (
				B7CB0DBA62645AB641F94506 /* Pods-mapXuyap.debug.xcconfig */,
				F89069D1F522F251598EC852 /* Pods-mapXuyap.release.xcconfig */,
			);
			path = Pods;
			sourceTree = "<group>";
		};
		C5327ECB2352253200892A6B = {
			isa = PBXGroup;
			children = (
				C5327ED62352253300892A6B /* mapXuyap */,
				C5327ED52352253300892A6B /* Products */,
				BB48575619A888AF5AC105F0 /* Pods */,
				2E09E6A876F29168163837F8 /* Frameworks */,
			);
			sourceTree = "<group>";
		};
		C5327ED52352253300892A6B /* Products */ = {
			isa = PBXGroup;
			children = (
				C5327ED42352253300892A6B /* mapXuyap.app */,
			);
			name = Products;
			sourceTree = "<group>";
		};
		C5327ED62352253300892A6B /* mapXuyap */ = {
			isa = PBXGroup;
			children = (
				C5327ED72352253300892A6B /* AppDelegate.swift */,
				C5327ED92352253300892A6B /* ViewController.swift */,
				C5528B192352BD6C00F88DE4 /* Model.swift */,
				C5327EDB2352253300892A6B /* Main.storyboard */,
				C5327EDE2352253400892A6B /* Assets.xcassets */,
				C5327EE02352253400892A6B /* LaunchScreen.storyboard */,
				C5327EE32352253400892A6B /* Info.plist */,
			);
			path = mapXuyap;
			sourceTree = "<group>";
		};
/* End PBXGroup section */

/* Begin PBXNativeTarget section */
		C5327ED32352253200892A6B /* mapXuyap */ = {
			isa = PBXNativeTarget;
			buildConfigurationList = C5327EE62352253400892A6B /* Build configuration list for PBXNativeTarget "mapXuyap" */;
			buildPhases = (
				9B756447B29150E3036132F2 /* [CP] Check Pods Manifest.lock */,
				C5327ED02352253200892A6B /* Sources */,
				C5327ED12352253200892A6B /* Frameworks */,
				C5327ED22352253200892A6B /* Resources */,
				61A4DC3420E69436523209DD /* [CP] Embed Pods Frameworks */,
				27E73FE73781BD27191CCAA7 /* [CP] Copy Pods Resources */,
			);
			buildRules = (
			);
			dependencies = (
			);
			name = mapXuyap;
			productName = mapXuyap;
			productReference = C5327ED42352253300892A6B /* mapXuyap.app */;
			productType = "com.apple.product-type.application";
		};
/* End PBXNativeTarget section */

/* Begin PBXProject section */
		C5327ECC2352253200892A6B /* Project object */ = {
			isa = PBXProject;
			attributes = {
				LastSwiftUpdateCheck = 1020;
				LastUpgradeCheck = 1020;
				ORGANIZATIONNAME = "Mykyta DANYLCHENKO";
				TargetAttributes = {
					C5327ED32352253200892A6B = {
						CreatedOnToolsVersion = 10.2.1;
					};
				};
			};
			buildConfigurationList = C5327ECF2352253200892A6B /* Build configuration list for PBXProject "mapXuyap" */;
			compatibilityVersion = "Xcode 9.3";
			developmentRegion = en;
			hasScannedForEncodings = 0;
			knownRegions = (
				en,
				Base,
			);
			mainGroup = C5327ECB2352253200892A6B;
			productRefGroup = C5327ED52352253300892A6B /* Products */;
			projectDirPath = "";
			projectRoot = "";
			targets = (
				C5327ED32352253200892A6B /* mapXuyap */,
			);
		};
/* End PBXProject section */

/* Begin PBXResourcesBuildPhase section */
		C5327ED22352253200892A6B /* Resources */ = {
			isa = PBXResourcesBuildPhase;
			buildActionMask = 2147483647;
			files = (
				C5327EE22352253400892A6B /* LaunchScreen.storyboard in Resources */,
				C5327EDF2352253400892A6B /* Assets.xcassets in Resources */,
				C5327EDD2352253300892A6B /* Main.storyboard in Resources */,
			);
			runOnlyForDeploymentPostprocessing = 0;
		};
/* End PBXResourcesBuildPhase section */

/* Begin PBXShellScriptBuildPhase section */
		27E73FE73781BD27191CCAA7 /* [CP] Copy Pods Resources */ = {
			isa = PBXShellScriptBuildPhase;
			buildActionMask = 2147483647;
			files = (
			);
			inputFileListPaths = (
				"${PODS_ROOT}/Target Support Files/Pods-mapXuyap/Pods-mapXuyap-resources-${CONFIGURATION}-input-files.xcfilelist",
			);
			name = "[CP] Copy Pods Resources";
			outputFileListPaths = (
				"${PODS_ROOT}/Target Support Files/Pods-mapXuyap/Pods-mapXuyap-resources-${CONFIGURATION}-output-files.xcfilelist",
			);
			runOnlyForDeploymentPostprocessing = 0;
			shellPath = /bin/sh;
			shellScript = "\"${PODS_ROOT}/Target Support Files/Pods-mapXuyap/Pods-mapXuyap-resources.sh\"\n";
			showEnvVarsInLog = 0;
		};
		61A4DC3420E69436523209DD /* [CP] Embed Pods Frameworks */ = {
			isa = PBXShellScriptBuildPhase;
			buildActionMask = 2147483647;
			files = (
			);
			inputFileListPaths = (
				"${PODS_ROOT}/Target Support Files/Pods-mapXuyap/Pods-mapXuyap-frameworks-${CONFIGURATION}-input-files.xcfilelist",
			);
			name = "[CP] Embed Pods Frameworks";
			outputFileListPaths = (
				"${PODS_ROOT}/Target Support Files/Pods-mapXuyap/Pods-mapXuyap-frameworks-${CONFIGURATION}-output-files.xcfilelist",
			);
			runOnlyForDeploymentPostprocessing = 0;
			shellPath = /bin/sh;
			shellScript = "\"${PODS_ROOT}/Target Support Files/Pods-mapXuyap/Pods-mapXuyap-frameworks.sh\"\n";
			showEnvVarsInLog = 0;
		};
		9B756447B29150E3036132F2 /* [CP] Check Pods Manifest.lock */ = {
			isa = PBXShellScriptBuildPhase;
			buildActionMask = 2147483647;
			files = (
			);
			inputFileListPaths = (
			);
			inputPaths = (
				"${PODS_PODFILE_DIR_PATH}/Podfile.lock",
				"${PODS_ROOT}/Manifest.lock",
			);
			name = "[CP] Check Pods Manifest.lock";
			outputFileListPaths = (
			);
			outputPaths = (
				"$(DERIVED_FILE_DIR)/Pods-mapXuyap-checkManifestLockResult.txt",
			);
			runOnlyForDeploymentPostprocessing = 0;
			shellPath = /bin/sh;
			shellScript = "diff \"${PODS_PODFILE_DIR_PATH}/Podfile.lock\" \"${PODS_ROOT}/Manifest.lock\" > /dev/null\nif [ $? != 0 ] ; then\n    # print error to STDERR\n    echo \"error: The sandbox is not in sync with the Podfile.lock. Run 'pod install' or update your CocoaPods installation.\" >&2\n    exit 1\nfi\n# This output is used by Xcode 'outputs' to avoid re-running this script phase.\necho \"SUCCESS\" > \"${SCRIPT_OUTPUT_FILE_0}\"\n";
			showEnvVarsInLog = 0;
		};
/* End PBXShellScriptBuildPhase section */

/* Begin PBXSourcesBuildPhase section */
		C5327ED02352253200892A6B /* Sources */ = {
			isa = PBXSourcesBuildPhase;
			buildActionMask = 2147483647;
			files = (
				C5528B1A2352BD6C00F88DE4 /* Model.swift in Sources */,
				C5327EDA2352253300892A6B /* ViewController.swift in Sources */,
				C5327ED82352253300892A6B /* AppDelegate.swift in Sources */,
			);
			runOnlyForDeploymentPostprocessing = 0;
		};
/* End PBXSourcesBuildPhase section */

/* Begin PBXVariantGroup section */
		C5327EDB2352253300892A6B /* Main.storyboard */ = {
			isa = PBXVariantGroup;
			children = (
				C5327EDC2352253300892A6B /* Base */,
			);
			name = Main.storyboard;
			sourceTree = "<group>";
		};
		C5327EE02352253400892A6B /* LaunchScreen.storyboard */ = {
			isa = PBXVariantGroup;
			children = (
				C5327EE12352253400892A6B /* Base */,
			);
			name = LaunchScreen.storyboard;
			sourceTree = "<group>";
		};
/* End PBXVariantGroup section */

/* Begin XCBuildConfiguration section */
		C5327EE42352253400892A6B /* Debug */ = {
			isa = XCBuildConfiguration;
			buildSettings = {
				ALWAYS_SEARCH_USER_PATHS = NO;
				CLANG_ANALYZER_NONNULL = YES;
				CLANG_ANALYZER_NUMBER_OBJECT_CONVERSION = YES_AGGRESSIVE;
				CLANG_CXX_LANGUAGE_STANDARD = "gnu++14";
				CLANG_CXX_LIBRARY = "libc++";
				CLANG_ENABLE_MODULES = YES;
				CLANG_ENABLE_OBJC_ARC = YES;
				CLANG_ENABLE_OBJC_WEAK = YES;
				CLANG_WARN_BLOCK_CAPTURE_AUTORELEASING = YES;
				CLANG_WARN_BOOL_CONVERSION = YES;
				CLANG_WARN_COMMA = YES;
				CLANG_WARN_CONSTANT_CONVERSION = YES;
				CLANG_WARN_DEPRECATED_OBJC_IMPLEMENTATIONS = YES;
				CLANG_WARN_DIRECT_OBJC_ISA_USAGE = YES_ERROR;
				CLANG_WARN_DOCUMENTATION_COMMENTS = YES;
				CLANG_WARN_EMPTY_BODY = YES;
				CLANG_WARN_ENUM_CONVERSION = YES;
				CLANG_WARN_INFINITE_RECURSION = YES;
				CLANG_WARN_INT_CONVERSION = YES;
				CLANG_WARN_NON_LITERAL_NULL_CONVERSION = YES;
				CLANG_WARN_OBJC_IMPLICIT_RETAIN_SELF = YES;
				CLANG_WARN_OBJC_LITERAL_CONVERSION = YES;
				CLANG_WARN_OBJC_ROOT_CLASS = YES_ERROR;
				CLANG_WARN_RANGE_LOOP_ANALYSIS = YES;
				CLANG_WARN_STRICT_PROTOTYPES = YES;
				CLANG_WARN_SUSPICIOUS_MOVE = YES;
				CLANG_WARN_UNGUARDED_AVAILABILITY = YES_AGGRESSIVE;
				CLANG_WARN_UNREACHABLE_CODE = YES;
				CLANG_WARN__DUPLICATE_METHOD_MATCH = YES;
				CODE_SIGN_IDENTITY = "iPhone Developer";
				COPY_PHASE_STRIP = NO;
				DEBUG_INFORMATION_FORMAT = dwarf;
				ENABLE_STRICT_OBJC_MSGSEND = YES;
				ENABLE_TESTABILITY = YES;
				GCC_C_LANGUAGE_STANDARD = gnu11;
				GCC_DYNAMIC_NO_PIC = NO;
				GCC_NO_COMMON_BLOCKS = YES;
				GCC_OPTIMIZATION_LEVEL = 0;
				GCC_PREPROCESSOR_DEFINITIONS = (
					"DEBUG=1",
					"$(inherited)",
				);
				GCC_WARN_64_TO_32_BIT_CONVERSION = YES;
				GCC_WARN_ABOUT_RETURN_TYPE = YES_ERROR;
				GCC_WARN_UNDECLARED_SELECTOR = YES;
				GCC_WARN_UNINITIALIZED_AUTOS = YES_AGGRESSIVE;
				GCC_WARN_UNUSED_FUNCTION = YES;
				GCC_WARN_UNUSED_VARIABLE = YES;
				IPHONEOS_DEPLOYMENT_TARGET = 12.2;
				MTL_ENABLE_DEBUG_INFO = INCLUDE_SOURCE;
				MTL_FAST_MATH = YES;
				ONLY_ACTIVE_ARCH = YES;
				SDKROOT = iphoneos;
				SWIFT_ACTIVE_COMPILATION_CONDITIONS = DEBUG;
				SWIFT_OPTIMIZATION_LEVEL = "-Onone";
			};
			name = Debug;
		};
		C5327EE52352253400892A6B /* Release */ = {
			isa = XCBuildConfiguration;
			buildSettings = {
				ALWAYS_SEARCH_USER_PATHS = NO;
				CLANG_ANALYZER_NONNULL = YES;
				CLANG_ANALYZER_NUMBER_OBJECT_CONVERSION = YES_AGGRESSIVE;
				CLANG_CXX_LANGUAGE_STANDARD = "gnu++14";
				CLANG_CXX_LIBRARY = "libc++";
				CLANG_ENABLE_MODULES = YES;
				CLANG_ENABLE_OBJC_ARC = YES;
				CLANG_ENABLE_OBJC_WEAK = YES;
				CLANG_WARN_BLOCK_CAPTURE_AUTORELEASING = YES;
				CLANG_WARN_BOOL_CONVERSION = YES;
				CLANG_WARN_COMMA = YES;
				CLANG_WARN_CONSTANT_CONVERSION = YES;
				CLANG_WARN_DEPRECATED_OBJC_IMPLEMENTATIONS = YES;
				CLANG_WARN_DIRECT_OBJC_ISA_USAGE = YES_ERROR;
				CLANG_WARN_DOCUMENTATION_COMMENTS = YES;
				CLANG_WARN_EMPTY_BODY = YES;
				CLANG_WARN_ENUM_CONVERSION = YES;
				CLANG_WARN_INFINITE_RECURSION = YES;
				CLANG_WARN_INT_CONVERSION = YES;
				CLANG_WARN_NON_LITERAL_NULL_CONVERSION = YES;
				CLANG_WARN_OBJC_IMPLICIT_RETAIN_SELF = YES;
				CLANG_WARN_OBJC_LITERAL_CONVERSION = YES;
				CLANG_WARN_OBJC_ROOT_CLASS = YES_ERROR;
				CLANG_WARN_RANGE_LOOP_ANALYSIS = YES;
				CLANG_WARN_STRICT_PROTOTYPES = YES;
				CLANG_WARN_SUSPICIOUS_MOVE = YES;
				CLANG_WARN_UNGUARDED_AVAILABILITY = YES_AGGRESSIVE;
				CLANG_WARN_UNREACHABLE_CODE = YES;
				CLANG_WARN__DUPLICATE_METHOD_MATCH = YES;
				CODE_SIGN_IDENTITY = "iPhone Developer";
				COPY_PHASE_STRIP = NO;
				DEBUG_INFORMATION_FORMAT = "dwarf-with-dsym";
				ENABLE_NS_ASSERTIONS = NO;
				ENABLE_STRICT_OBJC_MSGSEND = YES;
				GCC_C_LANGUAGE_STANDARD = gnu11;
				GCC_NO_COMMON_BLOCKS = YES;
				GCC_WARN_64_TO_32_BIT_CONVERSION = YES;
				GCC_WARN_ABOUT_RETURN_TYPE = YES_ERROR;
				GCC_WARN_UNDECLARED_SELECTOR = YES;
				GCC_WARN_UNINITIALIZED_AUTOS = YES_AGGRESSIVE;
				GCC_WARN_UNUSED_FUNCTION = YES;
				GCC_WARN_UNUSED_VARIABLE = YES;
				IPHONEOS_DEPLOYMENT_TARGET = 12.2;
				MTL_ENABLE_DEBUG_INFO = NO;
				MTL_FAST_MATH = YES;
				SDKROOT = iphoneos;
				SWIFT_COMPILATION_MODE = wholemodule;
				SWIFT_OPTIMIZATION_LEVEL = "-O";
				VALIDATE_PRODUCT = YES;
			};
			name = Release;
		};
		C5327EE72352253400892A6B /* Debug */ = {
			isa = XCBuildConfiguration;
			baseConfigurationReference = B7CB0DBA62645AB641F94506 /* Pods-mapXuyap.debug.xcconfig */;
			buildSettings = {
				ASSETCATALOG_COMPILER_APPICON_NAME = AppIcon;
				CODE_SIGN_STYLE = Automatic;
				INFOPLIST_FILE = mapXuyap/Info.plist;
				LD_RUNPATH_SEARCH_PATHS = (
					"$(inherited)",
					"@executable_path/Frameworks",
				);
				PRODUCT_BUNDLE_IDENTIFIER = mdanylch.mapXuyap;
				PRODUCT_NAME = "$(TARGET_NAME)";
				SWIFT_VERSION = 5.0;
				TARGETED_DEVICE_FAMILY = "1,2";
			};
			name = Debug;
		};
		C5327EE82352253400892A6B /* Release */ = {
			isa = XCBuildConfiguration;
			baseConfigurationReference = F89069D1F522F251598EC852 /* Pods-mapXuyap.release.xcconfig */;
			buildSettings = {
				ASSETCATALOG_COMPILER_APPICON_NAME = AppIcon;
				CODE_SIGN_STYLE = Automatic;
				INFOPLIST_FILE = mapXuyap/Info.plist;
				LD_RUNPATH_SEARCH_PATHS = (
					"$(inherited)",
					"@executable_path/Frameworks",
				);
				PRODUCT_BUNDLE_IDENTIFIER = mdanylch.mapXuyap;
				PRODUCT_NAME = "$(TARGET_NAME)";
				SWIFT_VERSION = 5.0;
				TARGETED_DEVICE_FAMILY = "1,2";
			};
			name = Release;
		};
/* End XCBuildConfiguration section */

/* Begin XCConfigurationList section */
		C5327ECF2352253200892A6B /* Build configuration list for PBXProject "mapXuyap" */ = {
			isa = XCConfigurationList;
			buildConfigurations = (
				C5327EE42352253400892A6B /* Debug */,
				C5327EE52352253400892A6B /* Release */,
			);
			defaultConfigurationIsVisible = 0;
			defaultConfigurationName = Release;
		};
		C5327EE62352253400892A6B /* Build configuration list for PBXNativeTarget "mapXuyap" */ = {
			isa = XCConfigurationList;
			buildConfigurations = (
				C5327EE72352253400892A6B /* Debug */,
				C5327EE82352253400892A6B /* Release */,
			);
			defaultConfigurationIsVisible = 0;
			defaultConfigurationName = Release;
		};
/* End XCConfigurationList section */
	};
	rootObject = C5327ECC2352253200892A6B /* Project object */;
}
